
Microsoft Visual Studio Solution File, Format Version 12.00
# Visual Studio Version 17
VisualStudioVersion = 17.14.37012.4
MinimumVisualStudioVersion = 10.0.40219.1
Project("{FAE04EC0-301F-11D3-BF4B-00C04F79EFBC}") = "Palindromo", "Palindromo\Palindromo.csproj", "{076FFE9B-6835-419C-BE14-70FD7C038DA5}"
EndProject
Project("{2150E333-8FDC-42A3-9474-1A3956D46DE8}") = "Fibonacci", "Fibonacci", "{02EA681E-C7D8-13C7-8484-4AC65E1B71E8}"
EndProject
Project("{FAE04EC0-301F-11D3-BF4B-00C04F79EFBC}") = "Fibonacci", "Fibonacci\Fibonacci.csproj", "{62184687-364E-4EA4-BCFA-E0D538B5393B}"
EndProject
Global
	GlobalSection(SolutionConfigurationPlatforms) = preSolution
		Debug|Any CPU = Debug|Any CPU
		Release|Any CPU = Release|Any CPU
	EndGlobalSection
	GlobalSection(ProjectConfigurationPlatforms) = postSolution
		{076FFE9B-6835-419C-BE14-70FD7C038DA5}.Debug|Any CPU.ActiveCfg = Debug|Any CPU
		{076FFE9B-6835-419C-BE14-70FD7C038DA5}.Debug|Any CPU.Build.0 = Debug|Any CPU
		{076FFE9B-6835-419C-BE14-70FD7C038DA5}.Release|Any CPU.ActiveCfg = Release|Any CPU
		{076FFE9B-6835-419C-BE14-70FD7C038DA5}.Release|Any CPU.Build.0 = Release|Any CPU
		{62184687-364E-4EA4-BCFA-E0D538B5393B}.Debug|Any CPU.ActiveCfg = Debug|Any CPU
		{62184687-364E-4EA4-BCFA-E0D538B5393B}.Debug|Any CPU.Build.0 = Debug|Any CPU
		{62184687-364E-4EA4-BCFA-E0D538B5393B}.Release|Any CPU.ActiveCfg = Release|Any CPU
		{62184687-364E-4EA4-BCFA-E0D538B5393B}.Release|Any CPU.Build.0 = Release|Any CPU
	EndGlobalSection
	GlobalSection(SolutionProperties) = preSolution
		HideSolutionNode = FALSE
	EndGlobalSection
	GlobalSection(NestedProjects) = preSolution
		{62184687-364E-4EA4-BCFA-E0D538B5393B} = {02EA681E-C7D8-13C7-8484-4AC65E1B71E8}
	EndGlobalSection
	GlobalSection(ExtensibilityGlobals) = postSolution
		SolutionGuid = {A8230859-7810-40D9-B488-B27162C62EFE}
	EndGlobalSection
EndGlobal
